
Microsoft Visual Studio Solution File, Format Version 12.00
# Visual Studio Version 17
VisualStudioVersion = 17.7.34221.43
MinimumVisualStudioVersion = 10.0.40219.1
Project("{D2ABAB84-BF74-430A-B69E-9DC6D40DDA17}") = "group12_2024_cube", "group12_2024_cube.dwproj", "{FFE6C8D7-4C94-4183-B4E4-65B20D238B18}"
EndProject
Global
	GlobalSection(SolutionConfigurationPlatforms) = preSolution
		Development|Default = Development|Default
	EndGlobalSection
	GlobalSection(ProjectConfigurationPlatforms) = postSolution
		{FFE6C8D7-4C94-4183-B4E4-65B20D238B18}.Development|Default.ActiveCfg = Development
		{FFE6C8D7-4C94-4183-B4E4-65B20D238B18}.Development|Default.Build.0 = Development
		{FFE6C8D7-4C94-4183-B4E4-65B20D238B18}.Development|Default.Deploy.0 = Development
	EndGlobalSection
	GlobalSection(SolutionProperties) = preSolution
		HideSolutionNode = FALSE
	EndGlobalSection
	GlobalSection(ExtensibilityGlobals) = postSolution
		SolutionGuid = {2D54AA91-E784-4346-A7D7-1321417197E8}
	EndGlobalSection
EndGlobal
